
Microsoft Visual Studio Solution File, Format Version 12.00
# Visual Studio 2012
Project("{FAE04EC0-301F-11D3-BF4B-00C04F79EFBC}") = "Weather", "Weather\Weather.csproj", "{F0185039-D589-4C9E-86D9-D1AAC9526FA6}"
EndProject
Project("{FAE04EC0-301F-11D3-BF4B-00C04F79EFBC}") = "Weather.iOS", "iOS\Weather.iOS.csproj", "{2C8360B6-4031-440F-8AEC-7402ACAF157B}"
EndProject
Project("{FAE04EC0-301F-11D3-BF4B-00C04F79EFBC}") = "Weather.Droid", "Droid\Weather.Droid.csproj", "{45DCB012-C1A9-4F32-8F33-F47A1704A9ED}"
EndProject
Global
	GlobalSection(SolutionConfigurationPlatforms) = preSolution
		Debug|Any CPU = Debug|Any CPU
		Release|Any CPU = Release|Any CPU
		Debug|iPhoneSimulator = Debug|iPhoneSimulator
		Release|iPhone = Release|iPhone
		Release|iPhoneSimulator = Release|iPhoneSimulator
		Debug|iPhone = Debug|iPhone
	EndGlobalSection
	GlobalSection(ProjectConfigurationPlatforms) = postSolution
		{F0185039-D589-4C9E-86D9-D1AAC9526FA6}.Debug|Any CPU.ActiveCfg = Debug|Any CPU
		{F0185039-D589-4C9E-86D9-D1AAC9526FA6}.Debug|Any CPU.Build.0 = Debug|Any CPU
		{F0185039-D589-4C9E-86D9-D1AAC9526FA6}.Release|Any CPU.ActiveCfg = Release|Any CPU
		{F0185039-D589-4C9E-86D9-D1AAC9526FA6}.Release|Any CPU.Build.0 = Release|Any CPU
		{F0185039-D589-4C9E-86D9-D1AAC9526FA6}.Debug|iPhoneSimulator.ActiveCfg = Debug|Any CPU
		{F0185039-D589-4C9E-86D9-D1AAC9526FA6}.Debug|iPhoneSimulator.Build.0 = Debug|Any CPU
		{F0185039-D589-4C9E-86D9-D1AAC9526FA6}.Release|iPhone.ActiveCfg = Release|Any CPU
		{F0185039-D589-4C9E-86D9-D1AAC9526FA6}.Release|iPhone.Build.0 = Release|Any CPU
		{F0185039-D589-4C9E-86D9-D1AAC9526FA6}.Release|iPhoneSimulator.ActiveCfg = Release|Any CPU
		{F0185039-D589-4C9E-86D9-D1AAC9526FA6}.Release|iPhoneSimulator.Build.0 = Release|Any CPU
		{F0185039-D589-4C9E-86D9-D1AAC9526FA6}.Debug|iPhone.ActiveCfg = Debug|Any CPU
		{F0185039-D589-4C9E-86D9-D1AAC9526FA6}.Debug|iPhone.Build.0 = Debug|Any CPU
		{2C8360B6-4031-440F-8AEC-7402ACAF157B}.Debug|Any CPU.ActiveCfg = Debug|iPhoneSimulator
		{2C8360B6-4031-440F-8AEC-7402ACAF157B}.Debug|Any CPU.Build.0 = Debug|iPhoneSimulator
		{2C8360B6-4031-440F-8AEC-7402ACAF157B}.Release|Any CPU.ActiveCfg = Debug|iPhoneSimulator
		{2C8360B6-4031-440F-8AEC-7402ACAF157B}.Release|Any CPU.Build.0 = Debug|iPhoneSimulator
		{2C8360B6-4031-440F-8AEC-7402ACAF157B}.Debug|iPhoneSimulator.ActiveCfg = Debug|iPhoneSimulator
		{2C8360B6-4031-440F-8AEC-7402ACAF157B}.Debug|iPhoneSimulator.Build.0 = Debug|iPhoneSimulator
		{2C8360B6-4031-440F-8AEC-7402ACAF157B}.Release|iPhone.ActiveCfg = Release|iPhone
		{2C8360B6-4031-440F-8AEC-7402ACAF157B}.Release|iPhone.Build.0 = Release|iPhone
		{2C8360B6-4031-440F-8AEC-7402ACAF157B}.Release|iPhoneSimulator.ActiveCfg = Release|iPhoneSimulator
		{2C8360B6-4031-440F-8AEC-7402ACAF157B}.Release|iPhoneSimulator.Build.0 = Release|iPhoneSimulator
		{2C8360B6-4031-440F-8AEC-7402ACAF157B}.Debug|iPhone.ActiveCfg = Debug|iPhone
		{2C8360B6-4031-440F-8AEC-7402ACAF157B}.Debug|iPhone.Build.0 = Debug|iPhone
		{45DCB012-C1A9-4F32-8F33-F47A1704A9ED}.Debug|Any CPU.ActiveCfg = Debug|Any CPU
		{45DCB012-C1A9-4F32-8F33-F47A1704A9ED}.Debug|Any CPU.Build.0 = Debug|Any CPU
		{45DCB012-C1A9-4F32-8F33-F47A1704A9ED}.Release|Any CPU.ActiveCfg = Release|Any CPU
		{45DCB012-C1A9-4F32-8F33-F47A1704A9ED}.Release|Any CPU.Build.0 = Release|Any CPU
		{45DCB012-C1A9-4F32-8F33-F47A1704A9ED}.Debug|iPhoneSimulator.ActiveCfg = Debug|Any CPU
		{45DCB012-C1A9-4F32-8F33-F47A1704A9ED}.Debug|iPhoneSimulator.Build.0 = Debug|Any CPU
		{45DCB012-C1A9-4F32-8F33-F47A1704A9ED}.Release|iPhone.ActiveCfg = Release|Any CPU
		{45DCB012-C1A9-4F32-8F33-F47A1704A9ED}.Release|iPhone.Build.0 = Release|Any CPU
		{45DCB012-C1A9-4F32-8F33-F47A1704A9ED}.Release|iPhoneSimulator.ActiveCfg = Release|Any CPU
		{45DCB012-C1A9-4F32-8F33-F47A1704A9ED}.Release|iPhoneSimulator.Build.0 = Release|Any CPU
		{45DCB012-C1A9-4F32-8F33-F47A1704A9ED}.Debug|iPhone.ActiveCfg = Debug|Any CPU
		{45DCB012-C1A9-4F32-8F33-F47A1704A9ED}.Debug|iPhone.Build.0 = Debug|Any CPU
	EndGlobalSection
EndGlobal
